// !$*UTF8*$!
{
	archiveVersion = 1;
	classes = {
	};
	objectVersion = 46;
	objects = {

/* Begin PBXBuildFile section */
		4D9108EA1730F2290073AE04 /* TesterRPCReceiver.cpp in Sources */ = {isa = PBXBuildFile; fileRef = 4D9108E81730F2290073AE04 /* TesterRPCReceiver.cpp */; };
		4DE253C2172FB2660064B1A7 /* libflownet.a in Frameworks */ = {isa = PBXBuildFile; fileRef = 4DE253C0172FB2660064B1A7 /* libflownet.a */; };
		4DE253C3172FB2660064B1A7 /* libGameShared.a in Frameworks */ = {isa = PBXBuildFile; fileRef = 4DE253C1172FB2660064B1A7 /* libGameShared.a */; };
		4DE253C5172FB2740064B1A7 /* boost.framework in Frameworks */ = {isa = PBXBuildFile; fileRef = 4DE253C4172FB2730064B1A7 /* boost.framework */; };
		4DE253E1172FB33D0064B1A7 /* ClientMonster.cpp in Sources */ = {isa = PBXBuildFile; fileRef = 4DE253C6172FB33D0064B1A7 /* ClientMonster.cpp */; settings = {COMPILER_FLAGS = "-w"; }; };
		4DE253E2172FB33D0064B1A7 /* ClientPlayer.cpp in Sources */ = {isa = PBXBuildFile; fileRef = 4DE253C8172FB33D0064B1A7 /* ClientPlayer.cpp */; settings = {COMPILER_FLAGS = "-w"; }; };
		4DE253E3172FB33D0064B1A7 /* ClientStage.cpp in Sources */ = {isa = PBXBuildFile; fileRef = 4DE253CA172FB33D0064B1A7 /* ClientStage.cpp */; settings = {COMPILER_FLAGS = "-w"; }; };
		4DE253E4172FB33E0064B1A7 /* DelayChecker.cpp in Sources */ = {isa = PBXBuildFile; fileRef = 4DE253CC172FB33D0064B1A7 /* DelayChecker.cpp */; settings = {COMPILER_FLAGS = "-w"; }; };
		4DE253E7172FB33E0064B1A7 /* GameClientPacketHandler.cpp in Sources */ = {isa = PBXBuildFile; fileRef = 4DE253D3172FB33D0064B1A7 /* GameClientPacketHandler.cpp */; settings = {COMPILER_FLAGS = "-w"; }; };
		4DE253E8172FB33E0064B1A7 /* GameClientPacketParser.cpp in Sources */ = {isa = PBXBuildFile; fileRef = 4DE253D5172FB33D0064B1A7 /* GameClientPacketParser.cpp */; settings = {COMPILER_FLAGS = "-w"; }; };
		4DE253ED172FB33E0064B1A7 /* RenderingTaskWorkerRoutine.cpp in Sources */ = {isa = PBXBuildFile; fileRef = 4DE253DF172FB33D0064B1A7 /* RenderingTaskWorkerRoutine.cpp */; settings = {COMPILER_FLAGS = "-w"; }; };
		4DE253F0172FE0FB0064B1A7 /* CFConnection.cpp in Sources */ = {isa = PBXBuildFile; fileRef = 4DE253EE172FE0FB0064B1A7 /* CFConnection.cpp */; };
		4DE253F3172FE2D70064B1A7 /* FCPacketHandler.cpp in Sources */ = {isa = PBXBuildFile; fileRef = 4DE253F1172FE2D60064B1A7 /* FCPacketHandler.cpp */; };
		4DE253F6172FE2E20064B1A7 /* FCPacketParser.cpp in Sources */ = {isa = PBXBuildFile; fileRef = 4DE253F4172FE2E10064B1A7 /* FCPacketParser.cpp */; };
		4DE253F9172FF91B0064B1A7 /* GameClientTester.cpp in Sources */ = {isa = PBXBuildFile; fileRef = 4DE253F7172FF91A0064B1A7 /* GameClientTester.cpp */; };
		4DE253FC1730021B0064B1A7 /* GameClientObjectManager.cpp in Sources */ = {isa = PBXBuildFile; fileRef = 4DE253FA1730021B0064B1A7 /* GameClientObjectManager.cpp */; };
		4DE253FF1730022B0064B1A7 /* CFConnectionManager.cpp in Sources */ = {isa = PBXBuildFile; fileRef = 4DE253FD1730022B0064B1A7 /* CFConnectionManager.cpp */; };
		9413D43E16CBD2DF001FA2E9 /* GameClient.cpp in Sources */ = {isa = PBXBuildFile; fileRef = 9413D43C16CBD2DF001FA2E9 /* GameClient.cpp */; settings = {COMPILER_FLAGS = "-w"; }; };
		9413D44716CBE1CA001FA2E9 /* GameClientObject.cpp in Sources */ = {isa = PBXBuildFile; fileRef = 9413D44516CBE1C9001FA2E9 /* GameClientObject.cpp */; settings = {COMPILER_FLAGS = "-w"; }; };
		9413D49F16D2846D001FA2E9 /* GameClientTasks.cpp in Sources */ = {isa = PBXBuildFile; fileRef = 9413D49D16D2846D001FA2E9 /* GameClientTasks.cpp */; settings = {COMPILER_FLAGS = "-w"; }; };
		9413D4A216D2861D001FA2E9 /* GameClientScheduledTasks.cpp in Sources */ = {isa = PBXBuildFile; fileRef = 9413D4A016D2861D001FA2E9 /* GameClientScheduledTasks.cpp */; settings = {COMPILER_FLAGS = "-w"; }; };
		945C0A1E16CB820E00FB8664 /* GameClient.1 in CopyFiles */ = {isa = PBXBuildFile; fileRef = 945C0A1D16CB820E00FB8664 /* GameClient.1 */; };
		94DEC8AC1765BE1F0061018E /* ClientTickWorkerRoutine.cpp in Sources */ = {isa = PBXBuildFile; fileRef = 94DEC8AA1765BE1F0061018E /* ClientTickWorkerRoutine.cpp */; };
		94DEC8AD1765CA7F0061018E /* main.cpp in Sources */ = {isa = PBXBuildFile; fileRef = 4DE253DE172FB33D0064B1A7 /* main.cpp */; };
		94F5836616D5A9FF00AE632E /* HeartbeatGenerator.cpp in Sources */ = {isa = PBXBuildFile; fileRef = 94F5836416D5A9FF00AE632E /* HeartbeatGenerator.cpp */; settings = {COMPILER_FLAGS = "-w"; }; };
/* End PBXBuildFile section */

/* Begin PBXCopyFilesBuildPhase section */
		945C0A1516CB820E00FB8664 /* CopyFiles */ = {
			isa = PBXCopyFilesBuildPhase;
			buildActionMask = 2147483647;
			dstPath = /usr/share/man/man1/;
			dstSubfolderSpec = 0;
			files = (
				945C0A1E16CB820E00FB8664 /* GameClient.1 in CopyFiles */,
			);
			runOnlyForDeploymentPostprocessing = 1;
		};
/* End PBXCopyFilesBuildPhase section */

/* Begin PBXFileReference section */
		4D9108E81730F2290073AE04 /* TesterRPCReceiver.cpp */ = {isa = PBXFileReference; fileEncoding = 4; lastKnownFileType = sourcecode.cpp.cpp; path = TesterRPCReceiver.cpp; sourceTree = "<group>"; };
		4D9108E91730F2290073AE04 /* TesterRPCReceiver.h */ = {isa = PBXFileReference; fileEncoding = 4; lastKnownFileType = sourcecode.c.h; path = TesterRPCReceiver.h; sourceTree = "<group>"; };
		4DE253C0172FB2660064B1A7 /* libflownet.a */ = {isa = PBXFileReference; lastKnownFileType = archive.ar; name = libflownet.a; path = ../../flownet/flownet/build/Release/libflownet.a; sourceTree = "<group>"; };
		4DE253C1172FB2660064B1A7 /* libGameShared.a */ = {isa = PBXFileReference; lastKnownFileType = archive.ar; name = libGameShared.a; path = ../../GameShared/GameShared/build/Release/libGameShared.a; sourceTree = "<group>"; };
		4DE253C4172FB2730064B1A7 /* boost.framework */ = {isa = PBXFileReference; lastKnownFileType = wrapper.framework; name = boost.framework; path = ../../flownet/Boost/osx/framework/boost.framework; sourceTree = "<group>"; };
		4DE253C6172FB33D0064B1A7 /* ClientMonster.cpp */ = {isa = PBXFileReference; fileEncoding = 4; lastKnownFileType = sourcecode.cpp.cpp; path = ClientMonster.cpp; sourceTree = "<group>"; };
		4DE253C7172FB33D0064B1A7 /* ClientMonster.h */ = {isa = PBXFileReference; fileEncoding = 4; lastKnownFileType = sourcecode.c.h; path = ClientMonster.h; sourceTree = "<group>"; };
		4DE253C8172FB33D0064B1A7 /* ClientPlayer.cpp */ = {isa = PBXFileReference; fileEncoding = 4; lastKnownFileType = sourcecode.cpp.cpp; path = ClientPlayer.cpp; sourceTree = "<group>"; };
		4DE253C9172FB33D0064B1A7 /* ClientPlayer.h */ = {isa = PBXFileReference; fileEncoding = 4; lastKnownFileType = sourcecode.c.h; path = ClientPlayer.h; sourceTree = "<group>"; };
		4DE253CA172FB33D0064B1A7 /* ClientStage.cpp */ = {isa = PBXFileReference; fileEncoding = 4; lastKnownFileType = sourcecode.cpp.cpp; path = ClientStage.cpp; sourceTree = "<group>"; };
		4DE253CB172FB33D0064B1A7 /* ClientStage.h */ = {isa = PBXFileReference; fileEncoding = 4; lastKnownFileType = sourcecode.c.h; path = ClientStage.h; sourceTree = "<group>"; };
		4DE253CC172FB33D0064B1A7 /* DelayChecker.cpp */ = {isa = PBXFileReference; fileEncoding = 4; lastKnownFileType = sourcecode.cpp.cpp; path = DelayChecker.cpp; sourceTree = "<group>"; };
		4DE253CD172FB33D0064B1A7 /* DelayChecker.h */ = {isa = PBXFileReference; fileEncoding = 4; lastKnownFileType = sourcecode.c.h; path = DelayChecker.h; sourceTree = "<group>"; };
		4DE253D3172FB33D0064B1A7 /* GameClientPacketHandler.cpp */ = {isa = PBXFileReference; fileEncoding = 4; lastKnownFileType = sourcecode.cpp.cpp; path = GameClientPacketHandler.cpp; sourceTree = "<group>"; };
		4DE253D4172FB33D0064B1A7 /* GameClientPacketHandler.h */ = {isa = PBXFileReference; fileEncoding = 4; lastKnownFileType = sourcecode.c.h; path = GameClientPacketHandler.h; sourceTree = "<group>"; };
		4DE253D5172FB33D0064B1A7 /* GameClientPacketParser.cpp */ = {isa = PBXFileReference; fileEncoding = 4; lastKnownFileType = sourcecode.cpp.cpp; path = GameClientPacketParser.cpp; sourceTree = "<group>"; };
		4DE253D6172FB33D0064B1A7 /* GameClientPacketParser.h */ = {isa = PBXFileReference; fileEncoding = 4; lastKnownFileType = sourcecode.c.h; path = GameClientPacketParser.h; sourceTree = "<group>"; };
		4DE253D7172FB33D0064B1A7 /* GameClientRPCInterface.h */ = {isa = PBXFileReference; fileEncoding = 4; lastKnownFileType = sourcecode.c.h; path = GameClientRPCInterface.h; sourceTree = "<group>"; };
		4DE253D8172FB33D0064B1A7 /* GameClientScheduledTasks.cpp */ = {isa = PBXFileReference; fileEncoding = 4; lastKnownFileType = sourcecode.cpp.cpp; path = GameClientScheduledTasks.cpp; sourceTree = "<group>"; };
		4DE253D9172FB33D0064B1A7 /* GameClientScheduledTasks.h */ = {isa = PBXFileReference; fileEncoding = 4; lastKnownFileType = sourcecode.c.h; path = GameClientScheduledTasks.h; sourceTree = "<group>"; };
		4DE253DA172FB33D0064B1A7 /* GameClientTasks.cpp */ = {isa = PBXFileReference; fileEncoding = 4; lastKnownFileType = sourcecode.cpp.cpp; path = GameClientTasks.cpp; sourceTree = "<group>"; };
		4DE253DB172FB33D0064B1A7 /* GameClientTasks.h */ = {isa = PBXFileReference; fileEncoding = 4; lastKnownFileType = sourcecode.c.h; path = GameClientTasks.h; sourceTree = "<group>"; };
		4DE253DC172FB33D0064B1A7 /* HeartbeatGenerator.cpp */ = {isa = PBXFileReference; fileEncoding = 4; lastKnownFileType = sourcecode.cpp.cpp; path = HeartbeatGenerator.cpp; sourceTree = "<group>"; };
		4DE253DD172FB33D0064B1A7 /* HeartbeatGenerator.h */ = {isa = PBXFileReference; fileEncoding = 4; lastKnownFileType = sourcecode.c.h; path = HeartbeatGenerator.h; sourceTree = "<group>"; };
		4DE253DE172FB33D0064B1A7 /* main.cpp */ = {isa = PBXFileReference; fileEncoding = 4; lastKnownFileType = sourcecode.cpp.cpp; path = main.cpp; sourceTree = "<group>"; };
		4DE253DF172FB33D0064B1A7 /* RenderingTaskWorkerRoutine.cpp */ = {isa = PBXFileReference; fileEncoding = 4; lastKnownFileType = sourcecode.cpp.cpp; path = RenderingTaskWorkerRoutine.cpp; sourceTree = "<group>"; };
		4DE253E0172FB33D0064B1A7 /* RenderingTaskWorkerRoutine.h */ = {isa = PBXFileReference; fileEncoding = 4; lastKnownFileType = sourcecode.c.h; path = RenderingTaskWorkerRoutine.h; sourceTree = "<group>"; };
		4DE253EE172FE0FB0064B1A7 /* CFConnection.cpp */ = {isa = PBXFileReference; fileEncoding = 4; lastKnownFileType = sourcecode.cpp.cpp; path = CFConnection.cpp; sourceTree = "<group>"; };
		4DE253EF172FE0FB0064B1A7 /* CFConnection.h */ = {isa = PBXFileReference; fileEncoding = 4; lastKnownFileType = sourcecode.c.h; path = CFConnection.h; sourceTree = "<group>"; };
		4DE253F1172FE2D60064B1A7 /* FCPacketHandler.cpp */ = {isa = PBXFileReference; fileEncoding = 4; lastKnownFileType = sourcecode.cpp.cpp; path = FCPacketHandler.cpp; sourceTree = "<group>"; };
		4DE253F2172FE2D60064B1A7 /* FCPacketHandler.h */ = {isa = PBXFileReference; fileEncoding = 4; lastKnownFileType = sourcecode.c.h; path = FCPacketHandler.h; sourceTree = "<group>"; };
		4DE253F4172FE2E10064B1A7 /* FCPacketParser.cpp */ = {isa = PBXFileReference; fileEncoding = 4; lastKnownFileType = sourcecode.cpp.cpp; path = FCPacketParser.cpp; sourceTree = "<group>"; };
		4DE253F5172FE2E20064B1A7 /* FCPacketParser.h */ = {isa = PBXFileReference; fileEncoding = 4; lastKnownFileType = sourcecode.c.h; path = FCPacketParser.h; sourceTree = "<group>"; };
		4DE253F7172FF91A0064B1A7 /* GameClientTester.cpp */ = {isa = PBXFileReference; fileEncoding = 4; lastKnownFileType = sourcecode.cpp.cpp; path = GameClientTester.cpp; sourceTree = "<group>"; };
		4DE253F8172FF91A0064B1A7 /* GameClientTester.h */ = {isa = PBXFileReference; fileEncoding = 4; lastKnownFileType = sourcecode.c.h; path = GameClientTester.h; sourceTree = "<group>"; };
		4DE253FA1730021B0064B1A7 /* GameClientObjectManager.cpp */ = {isa = PBXFileReference; fileEncoding = 4; lastKnownFileType = sourcecode.cpp.cpp; path = GameClientObjectManager.cpp; sourceTree = "<group>"; };
		4DE253FB1730021B0064B1A7 /* GameClientObjectManager.h */ = {isa = PBXFileReference; fileEncoding = 4; lastKnownFileType = sourcecode.c.h; path = GameClientObjectManager.h; sourceTree = "<group>"; };
		4DE253FD1730022B0064B1A7 /* CFConnectionManager.cpp */ = {isa = PBXFileReference; fileEncoding = 4; lastKnownFileType = sourcecode.cpp.cpp; path = CFConnectionManager.cpp; sourceTree = "<group>"; };
		4DE253FE1730022B0064B1A7 /* CFConnectionManager.h */ = {isa = PBXFileReference; fileEncoding = 4; lastKnownFileType = sourcecode.c.h; path = CFConnectionManager.h; sourceTree = "<group>"; };
		9413D3C616CB9098001FA2E9 /* GameClientHeaders.pch */ = {isa = PBXFileReference; fileEncoding = 4; lastKnownFileType = sourcecode.c.h; name = GameClientHeaders.pch; path = GameClient/GameClientHeaders.pch; sourceTree = "<group>"; };
		9413D43B16CBD0BB001FA2E9 /* GameClientProperties.h */ = {isa = PBXFileReference; fileEncoding = 4; lastKnownFileType = sourcecode.c.h; path = GameClientProperties.h; sourceTree = "<group>"; };
		9413D43C16CBD2DF001FA2E9 /* GameClient.cpp */ = {isa = PBXFileReference; fileEncoding = 4; lastKnownFileType = sourcecode.cpp.cpp; path = GameClient.cpp; sourceTree = "<group>"; };
		9413D43D16CBD2DF001FA2E9 /* GameClient.h */ = {isa = PBXFileReference; fileEncoding = 4; lastKnownFileType = sourcecode.c.h; path = GameClient.h; sourceTree = "<group>"; };
		9413D44516CBE1C9001FA2E9 /* GameClientObject.cpp */ = {isa = PBXFileReference; fileEncoding = 4; lastKnownFileType = sourcecode.cpp.cpp; path = GameClientObject.cpp; sourceTree = "<group>"; };
		9413D44616CBE1C9001FA2E9 /* GameClientObject.h */ = {isa = PBXFileReference; fileEncoding = 4; lastKnownFileType = sourcecode.c.h; path = GameClientObject.h; sourceTree = "<group>"; };
		9413D49D16D2846D001FA2E9 /* GameClientTasks.cpp */ = {isa = PBXFileReference; fileEncoding = 4; lastKnownFileType = sourcecode.cpp.cpp; path = GameClientTasks.cpp; sourceTree = "<group>"; };
		9413D49E16D2846D001FA2E9 /* GameClientTasks.h */ = {isa = PBXFileReference; fileEncoding = 4; lastKnownFileType = sourcecode.c.h; path = GameClientTasks.h; sourceTree = "<group>"; };
		9413D4A016D2861D001FA2E9 /* GameClientScheduledTasks.cpp */ = {isa = PBXFileReference; fileEncoding = 4; lastKnownFileType = sourcecode.cpp.cpp; path = GameClientScheduledTasks.cpp; sourceTree = "<group>"; };
		9413D4A116D2861D001FA2E9 /* GameClientScheduledTasks.h */ = {isa = PBXFileReference; fileEncoding = 4; lastKnownFileType = sourcecode.c.h; path = GameClientScheduledTasks.h; sourceTree = "<group>"; };
		945C0A1716CB820E00FB8664 /* GameClient */ = {isa = PBXFileReference; explicitFileType = "compiled.mach-o.executable"; includeInIndex = 0; path = GameClient; sourceTree = BUILT_PRODUCTS_DIR; };
		945C0A1D16CB820E00FB8664 /* GameClient.1 */ = {isa = PBXFileReference; lastKnownFileType = text.man; path = GameClient.1; sourceTree = "<group>"; };
		94D9072316EB24FC00637B38 /* GameClientRPCInterface.h */ = {isa = PBXFileReference; fileEncoding = 4; lastKnownFileType = sourcecode.c.h; name = GameClientRPCInterface.h; path = GameClient/GameClientRPCInterface.h; sourceTree = "<group>"; };
		94DEC8AA1765BE1F0061018E /* ClientTickWorkerRoutine.cpp */ = {isa = PBXFileReference; fileEncoding = 4; lastKnownFileType = sourcecode.cpp.cpp; path = ClientTickWorkerRoutine.cpp; sourceTree = "<group>"; };
		94DEC8AB1765BE1F0061018E /* ClientTickWorkerRoutine.h */ = {isa = PBXFileReference; fileEncoding = 4; lastKnownFileType = sourcecode.c.h; path = ClientTickWorkerRoutine.h; sourceTree = "<group>"; };
		94F5836416D5A9FF00AE632E /* HeartbeatGenerator.cpp */ = {isa = PBXFileReference; fileEncoding = 4; lastKnownFileType = sourcecode.cpp.cpp; path = HeartbeatGenerator.cpp; sourceTree = "<group>"; };
		94F5836516D5A9FF00AE632E /* HeartbeatGenerator.h */ = {isa = PBXFileReference; fileEncoding = 4; lastKnownFileType = sourcecode.c.h; path = HeartbeatGenerator.h; sourceTree = "<group>"; };
/* End PBXFileReference section */

/* Begin PBXFrameworksBuildPhase section */
		945C0A1416CB820E00FB8664 /* Frameworks */ = {
			isa = PBXFrameworksBuildPhase;
			buildActionMask = 2147483647;
			files = (
				4DE253C5172FB2740064B1A7 /* boost.framework in Frameworks */,
				4DE253C2172FB2660064B1A7 /* libflownet.a in Frameworks */,
				4DE253C3172FB2660064B1A7 /* libGameShared.a in Frameworks */,
			);
			runOnlyForDeploymentPostprocessing = 0;
		};
/* End PBXFrameworksBuildPhase section */

/* Begin PBXGroup section */
		4D9108E71730F2180073AE04 /* Tester */ = {
			isa = PBXGroup;
			children = (
				4D9108E81730F2290073AE04 /* TesterRPCReceiver.cpp */,
				4D9108E91730F2290073AE04 /* TesterRPCReceiver.h */,
			);
			name = Tester;
			sourceTree = "<group>";
		};
		9413D49C16D2845B001FA2E9 /* Task */ = {
			isa = PBXGroup;
			children = (
				9413D49D16D2846D001FA2E9 /* GameClientTasks.cpp */,
				9413D49E16D2846D001FA2E9 /* GameClientTasks.h */,
				9413D4A016D2861D001FA2E9 /* GameClientScheduledTasks.cpp */,
				9413D4A116D2861D001FA2E9 /* GameClientScheduledTasks.h */,
			);
			name = Task;
			sourceTree = "<group>";
		};
		945C0A0C16CB820E00FB8664 = {
			isa = PBXGroup;
			children = (
				4DE253C4172FB2730064B1A7 /* boost.framework */,
				4DE253C0172FB2660064B1A7 /* libflownet.a */,
				4DE253C1172FB2660064B1A7 /* libGameShared.a */,
				94D9072316EB24FC00637B38 /* GameClientRPCInterface.h */,
				9413D3C616CB9098001FA2E9 /* GameClientHeaders.pch */,
				9413D43B16CBD0BB001FA2E9 /* GameClientProperties.h */,
				945C0A1A16CB820E00FB8664 /* GameClient */,
				945C0A1816CB820E00FB8664 /* Products */,
			);
			sourceTree = "<group>";
		};
		945C0A1816CB820E00FB8664 /* Products */ = {
			isa = PBXGroup;
			children = (
				945C0A1716CB820E00FB8664 /* GameClient */,
			);
			name = Products;
			sourceTree = "<group>";
		};
		945C0A1A16CB820E00FB8664 /* GameClient */ = {
			isa = PBXGroup;
			children = (
				94F5836316D5A9E400AE632E /* NetworkUtilities */,
				94F5836116D5A9CE00AE632E /* RPC */,
				4D9108E71730F2180073AE04 /* Tester */,
				9413D49C16D2845B001FA2E9 /* Task */,
				4DE253C6172FB33D0064B1A7 /* ClientMonster.cpp */,
				4DE253C7172FB33D0064B1A7 /* ClientMonster.h */,
				4DE253C8172FB33D0064B1A7 /* ClientPlayer.cpp */,
				4DE253C9172FB33D0064B1A7 /* ClientPlayer.h */,
				4DE253CA172FB33D0064B1A7 /* ClientStage.cpp */,
				4DE253CB172FB33D0064B1A7 /* ClientStage.h */,
				4DE253CC172FB33D0064B1A7 /* DelayChecker.cpp */,
				4DE253CD172FB33D0064B1A7 /* DelayChecker.h */,
				4DE253D8172FB33D0064B1A7 /* GameClientScheduledTasks.cpp */,
				4DE253D9172FB33D0064B1A7 /* GameClientScheduledTasks.h */,
				4DE253DA172FB33D0064B1A7 /* GameClientTasks.cpp */,
				4DE253DB172FB33D0064B1A7 /* GameClientTasks.h */,
				4DE253DC172FB33D0064B1A7 /* HeartbeatGenerator.cpp */,
				4DE253DD172FB33D0064B1A7 /* HeartbeatGenerator.h */,
				4DE253DE172FB33D0064B1A7 /* main.cpp */,
				94DEC8AA1765BE1F0061018E /* ClientTickWorkerRoutine.cpp */,
				94DEC8AB1765BE1F0061018E /* ClientTickWorkerRoutine.h */,
				4DE253DF172FB33D0064B1A7 /* RenderingTaskWorkerRoutine.cpp */,
				4DE253E0172FB33D0064B1A7 /* RenderingTaskWorkerRoutine.h */,
				945C0A1D16CB820E00FB8664 /* GameClient.1 */,
				9413D43C16CBD2DF001FA2E9 /* GameClient.cpp */,
				9413D43D16CBD2DF001FA2E9 /* GameClient.h */,
				4DE253F7172FF91A0064B1A7 /* GameClientTester.cpp */,
				4DE253F8172FF91A0064B1A7 /* GameClientTester.h */,
			);
			path = GameClient;
			sourceTree = "<group>";
		};
		94F5836116D5A9CE00AE632E /* RPC */ = {
			isa = PBXGroup;
			children = (
				4DE253D3172FB33D0064B1A7 /* GameClientPacketHandler.cpp */,
				4DE253D4172FB33D0064B1A7 /* GameClientPacketHandler.h */,
				4DE253D5172FB33D0064B1A7 /* GameClientPacketParser.cpp */,
				4DE253D6172FB33D0064B1A7 /* GameClientPacketParser.h */,
				4DE253D7172FB33D0064B1A7 /* GameClientRPCInterface.h */,
				9413D44516CBE1C9001FA2E9 /* GameClientObject.cpp */,
				9413D44616CBE1C9001FA2E9 /* GameClientObject.h */,
				4DE253EE172FE0FB0064B1A7 /* CFConnection.cpp */,
				4DE253EF172FE0FB0064B1A7 /* CFConnection.h */,
				4DE253F1172FE2D60064B1A7 /* FCPacketHandler.cpp */,
				4DE253F2172FE2D60064B1A7 /* FCPacketHandler.h */,
				4DE253F4172FE2E10064B1A7 /* FCPacketParser.cpp */,
				4DE253F5172FE2E20064B1A7 /* FCPacketParser.h */,
				4DE253FA1730021B0064B1A7 /* GameClientObjectManager.cpp */,
				4DE253FB1730021B0064B1A7 /* GameClientObjectManager.h */,
				4DE253FD1730022B0064B1A7 /* CFConnectionManager.cpp */,
				4DE253FE1730022B0064B1A7 /* CFConnectionManager.h */,
			);
			name = RPC;
			sourceTree = "<group>";
		};
		94F5836316D5A9E400AE632E /* NetworkUtilities */ = {
			isa = PBXGroup;
			children = (
				94F5836416D5A9FF00AE632E /* HeartbeatGenerator.cpp */,
				94F5836516D5A9FF00AE632E /* HeartbeatGenerator.h */,
			);
			name = NetworkUtilities;
			sourceTree = "<group>";
		};
/* End PBXGroup section */

/* Begin PBXNativeTarget section */
		945C0A1616CB820E00FB8664 /* GameClient */ = {
			isa = PBXNativeTarget;
			buildConfigurationList = 945C0A2116CB820E00FB8664 /* Build configuration list for PBXNativeTarget "GameClient" */;
			buildPhases = (
				945C0A1316CB820E00FB8664 /* Sources */,
				945C0A1416CB820E00FB8664 /* Frameworks */,
				945C0A1516CB820E00FB8664 /* CopyFiles */,
			);
			buildRules = (
			);
			dependencies = (
			);
			name = GameClient;
			productName = GameClient;
			productReference = 945C0A1716CB820E00FB8664 /* GameClient */;
			productType = "com.apple.product-type.tool";
		};
/* End PBXNativeTarget section */

/* Begin PBXProject section */
		945C0A0E16CB820E00FB8664 /* Project object */ = {
			isa = PBXProject;
			attributes = {
				LastUpgradeCheck = 0450;
				ORGANIZATIONNAME = RoughHands;
			};
			buildConfigurationList = 945C0A1116CB820E00FB8664 /* Build configuration list for PBXProject "GameClient" */;
			compatibilityVersion = "Xcode 3.2";
			developmentRegion = English;
			hasScannedForEncodings = 0;
			knownRegions = (
				en,
			);
			mainGroup = 945C0A0C16CB820E00FB8664;
			productRefGroup = 945C0A1816CB820E00FB8664 /* Products */;
			projectDirPath = "";
			projectRoot = "";
			targets = (
				945C0A1616CB820E00FB8664 /* GameClient */,
			);
		};
/* End PBXProject section */

/* Begin PBXSourcesBuildPhase section */
		945C0A1316CB820E00FB8664 /* Sources */ = {
			isa = PBXSourcesBuildPhase;
			buildActionMask = 2147483647;
			files = (
				94DEC8AD1765CA7F0061018E /* main.cpp in Sources */,
				9413D43E16CBD2DF001FA2E9 /* GameClient.cpp in Sources */,
				9413D44716CBE1CA001FA2E9 /* GameClientObject.cpp in Sources */,
				9413D49F16D2846D001FA2E9 /* GameClientTasks.cpp in Sources */,
				9413D4A216D2861D001FA2E9 /* GameClientScheduledTasks.cpp in Sources */,
				94F5836616D5A9FF00AE632E /* HeartbeatGenerator.cpp in Sources */,
				4DE253E1172FB33D0064B1A7 /* ClientMonster.cpp in Sources */,
				4DE253E2172FB33D0064B1A7 /* ClientPlayer.cpp in Sources */,
				4DE253E3172FB33D0064B1A7 /* ClientStage.cpp in Sources */,
				4DE253E4172FB33E0064B1A7 /* DelayChecker.cpp in Sources */,
				4DE253E7172FB33E0064B1A7 /* GameClientPacketHandler.cpp in Sources */,
				4DE253E8172FB33E0064B1A7 /* GameClientPacketParser.cpp in Sources */,
				4DE253ED172FB33E0064B1A7 /* RenderingTaskWorkerRoutine.cpp in Sources */,
				4DE253F0172FE0FB0064B1A7 /* CFConnection.cpp in Sources */,
				4DE253F3172FE2D70064B1A7 /* FCPacketHandler.cpp in Sources */,
				4DE253F6172FE2E20064B1A7 /* FCPacketParser.cpp in Sources */,
				4DE253F9172FF91B0064B1A7 /* GameClientTester.cpp in Sources */,
				4DE253FC1730021B0064B1A7 /* GameClientObjectManager.cpp in Sources */,
				4DE253FF1730022B0064B1A7 /* CFConnectionManager.cpp in Sources */,
				4D9108EA1730F2290073AE04 /* TesterRPCReceiver.cpp in Sources */,
				94DEC8AC1765BE1F0061018E /* ClientTickWorkerRoutine.cpp in Sources */,
			);
			runOnlyForDeploymentPostprocessing = 0;
		};
/* End PBXSourcesBuildPhase section */

/* Begin XCBuildConfiguration section */
		945C0A1F16CB820E00FB8664 /* Debug */ = {
			isa = XCBuildConfiguration;
			buildSettings = {
				ALWAYS_SEARCH_USER_PATHS = NO;
				ARCHS = "$(ARCHS_STANDARD_64_BIT)";
				CLANG_CXX_LANGUAGE_STANDARD = "gnu++0x";
				CLANG_CXX_LIBRARY = "libc++";
				CLANG_WARN_EMPTY_BODY = YES;
				CLANG_WARN__DUPLICATE_METHOD_MATCH = YES;
				COPY_PHASE_STRIP = NO;
				GCC_C_LANGUAGE_STANDARD = gnu99;
				GCC_DYNAMIC_NO_PIC = NO;
				GCC_ENABLE_OBJC_EXCEPTIONS = YES;
				GCC_OPTIMIZATION_LEVEL = 0;
				GCC_PREPROCESSOR_DEFINITIONS = (
					"DEBUG=1",
					"$(inherited)",
				);
				GCC_SYMBOLS_PRIVATE_EXTERN = NO;
				GCC_WARN_64_TO_32_BIT_CONVERSION = YES;
				GCC_WARN_ABOUT_RETURN_TYPE = YES;
				GCC_WARN_UNINITIALIZED_AUTOS = YES;
				GCC_WARN_UNUSED_VARIABLE = YES;
				MACOSX_DEPLOYMENT_TARGET = 10.7;
				ONLY_ACTIVE_ARCH = YES;
				SDKROOT = macosx;
			};
			name = Debug;
		};
		945C0A2016CB820E00FB8664 /* Release */ = {
			isa = XCBuildConfiguration;
			buildSettings = {
				ALWAYS_SEARCH_USER_PATHS = NO;
				ARCHS = "$(ARCHS_STANDARD_64_BIT)";
				CLANG_CXX_LANGUAGE_STANDARD = "gnu++0x";
				CLANG_CXX_LIBRARY = "libc++";
				CLANG_WARN_EMPTY_BODY = YES;
				CLANG_WARN__DUPLICATE_METHOD_MATCH = YES;
				COPY_PHASE_STRIP = YES;
				DEBUG_INFORMATION_FORMAT = "dwarf-with-dsym";
				GCC_C_LANGUAGE_STANDARD = gnu99;
				GCC_ENABLE_OBJC_EXCEPTIONS = YES;
				GCC_WARN_64_TO_32_BIT_CONVERSION = YES;
				GCC_WARN_ABOUT_RETURN_TYPE = YES;
				GCC_WARN_UNINITIALIZED_AUTOS = YES;
				GCC_WARN_UNUSED_VARIABLE = YES;
				MACOSX_DEPLOYMENT_TARGET = 10.7;
				SDKROOT = macosx;
			};
			name = Release;
		};
		945C0A2216CB820E00FB8664 /* Debug */ = {
			isa = XCBuildConfiguration;
			buildSettings = {
				ALWAYS_SEARCH_USER_PATHS = YES;
				FRAMEWORK_SEARCH_PATHS = (
					"$(inherited)",
					"\"$(SRCROOT)/../Boost/osx/framework\"",
					"\"$(SRCROOT)/../../flownet/Boost/osx/framework\"",
				);
				GCC_PRECOMPILE_PREFIX_HEADER = YES;
				GCC_PREFIX_HEADER = GameClient/GameclientHeaders.pch;
				GCC_SYMBOLS_PRIVATE_EXTERN = YES;
				GCC_UNROLL_LOOPS = NO;
				GCC_VERSION = com.apple.compilers.llvm.clang.1_0;
				HEADER_SEARCH_PATHS = (
					"$(BUILT_PRODUCTS_DIR)/**",
					"../../flownet/flownet/**",
				);
				LIBRARY_SEARCH_PATHS = "$(BUILT_PRODUCTS_DIR)/**";
				MACOSX_DEPLOYMENT_TARGET = 10.7;
				PRELINK_LIBS = "";
				PRODUCT_NAME = "$(TARGET_NAME)";
				USER_HEADER_SEARCH_PATHS = "$(BUILT_PRODUCTS_DIR)/** ../../flownet/flownet ../../GameShared/GameShared";
			};
			name = Debug;
		};
		945C0A2316CB820E00FB8664 /* Release */ = {
			isa = XCBuildConfiguration;
			buildSettings = {
				ALWAYS_SEARCH_USER_PATHS = YES;
				FRAMEWORK_SEARCH_PATHS = (
					"$(inherited)",
					"\"$(SRCROOT)/../Boost/osx/framework\"",
					"\"$(SRCROOT)/../../flownet/Boost/osx/framework\"",
				);
				GCC_PRECOMPILE_PREFIX_HEADER = YES;
				GCC_PREFIX_HEADER = GameClient/GameclientHeaders.pch;
				GCC_SYMBOLS_PRIVATE_EXTERN = YES;
				GCC_UNROLL_LOOPS = NO;
				GCC_VERSION = com.apple.compilers.llvm.clang.1_0;
				HEADER_SEARCH_PATHS = (
					"$(BUILT_PRODUCTS_DIR)/**",
					"../../flownet/flownet/**",
				);
				LIBRARY_SEARCH_PATHS = "$(BUILT_PRODUCTS_DIR)/**";
				MACOSX_DEPLOYMENT_TARGET = 10.7;
				PRELINK_LIBS = "";
				PRODUCT_NAME = "$(TARGET_NAME)";
				USER_HEADER_SEARCH_PATHS = "$(BUILT_PRODUCTS_DIR)/** ../../flownet/flownet ../../GameShared/GameShared";
			};
			name = Release;
		};
/* End XCBuildConfiguration section */

/* Begin XCConfigurationList section */
		945C0A1116CB820E00FB8664 /* Build configuration list for PBXProject "GameClient" */ = {
			isa = XCConfigurationList;
			buildConfigurations = (
				945C0A1F16CB820E00FB8664 /* Debug */,
				945C0A2016CB820E00FB8664 /* Release */,
			);
			defaultConfigurationIsVisible = 0;
			defaultConfigurationName = Release;
		};
		945C0A2116CB820E00FB8664 /* Build configuration list for PBXNativeTarget "GameClient" */ = {
			isa = XCConfigurationList;
			buildConfigurations = (
				945C0A2216CB820E00FB8664 /* Debug */,
				945C0A2316CB820E00FB8664 /* Release */,
			);
			defaultConfigurationIsVisible = 0;
			defaultConfigurationName = Release;
		};
/* End XCConfigurationList section */
	};
	rootObject = 945C0A0E16CB820E00FB8664 /* Project object */;
}
